<Solution>
  <Folder Name="/Backend/">
    <Project Path="Rasmus.SharedKernel/Rasmus.SharedKernel.csproj" Id="597f4edd-c42f-413f-8502-6721b66cc147" />
  </Folder>
  <Folder Name="/Backend/1. Domain/">
    <Project Path="media-vault-app.Domain/media-vault-app.Domain.csproj" Id="3f4bd811-b65c-464e-b7ff-e41624a5b086" />
  </Folder>
  <Folder Name="/Backend/2. Application/">
    <Project Path="media-vault-app.Application/media-vault-app.Application.csproj" Id="66a8cf5b-b288-41da-aae8-3fd208a82d11" />
  </Folder>
  <Folder Name="/Backend/3. Infrastructure/">
    <Project Path="media-vault-app.Infrastructure/media-vault-app.Infrastructure.csproj" Id="ceeee5ec-b494-4b26-9759-040fb310b1d1" />
  </Folder>
  <Folder Name="/Backend/4. API/">
    <Project Path="media-vault-app.API/media-vault-app.API.csproj" />
  </Folder>
  <Folder Name="/Backend/5. Tests/">
    <Project Path="media-vault-app.Tests/media-vault-app.Tests.csproj" Id="8c45268a-b6ad-4df9-9026-9e5ae2416aa0" />
  </Folder>
  <Folder Name="/Frontend/">
    <Project Path="media-vault-app.client/media-vault-app.client.esproj">
      <Build />
      <Deploy />
    </Project>
  </Folder>
  <Project Path="Rasmus.SharedKernel.Tests/Rasmus.SharedKernel.Tests.csproj" Id="44ead15d-4928-469f-bbdc-9359e4e8561a" />
</Solution>
